
Microsoft Visual Studio Solution File, Format Version 12.00
# Visual Studio Version 16
VisualStudioVersion = 16.0.33801.447
MinimumVisualStudioVersion = 10.0.40219.1
Project("{FAE04EC0-301F-11D3-BF4B-00C04F79EFBC}") = "ArosimClient", "ArosimClient\ArosimClient.csproj", "{DEF69090-E487-4729-A55B-9A9E3A8D452C}"
EndProject
Global
	GlobalSection(SolutionConfigurationPlatforms) = preSolution
		Debug|Any CPU = Debug|Any CPU
		Release|Any CPU = Release|Any CPU
	EndGlobalSection
	GlobalSection(ProjectConfigurationPlatforms) = postSolution
		{DEF69090-E487-4729-A55B-9A9E3A8D452C}.Debug|Any CPU.ActiveCfg = Debug|Any CPU
		{DEF69090-E487-4729-A55B-9A9E3A8D452C}.Debug|Any CPU.Build.0 = Debug|Any CPU
		{DEF69090-E487-4729-A55B-9A9E3A8D452C}.Release|Any CPU.ActiveCfg = Release|Any CPU
		{DEF69090-E487-4729-A55B-9A9E3A8D452C}.Release|Any CPU.Build.0 = Release|Any CPU
	EndGlobalSection
	GlobalSection(SolutionProperties) = preSolution
		HideSolutionNode = FALSE
	EndGlobalSection
	GlobalSection(ExtensibilityGlobals) = postSolution
		SolutionGuid = {73BB19D5-E976-4EB9-9A75-5F6568B642AE}
	EndGlobalSection
EndGlobal
